// !$*UTF8*$!
{
	archiveVersion = 1;
	classes = {
	};
	objectVersion = 46;
	objects = {

/* Begin PBXBuildFile section */
		EBAD5CEF1EEF213B00F9F323 /* AppDelegate.swift in Sources */ = {isa = PBXBuildFile; fileRef = EBAD5CEE1EEF213B00F9F323 /* AppDelegate.swift */; };
		EBAD5CF11EEF213B00F9F323 /* ViewController.swift in Sources */ = {isa = PBXBuildFile; fileRef = EBAD5CF01EEF213B00F9F323 /* ViewController.swift */; };
		EBAD5CF41EEF213B00F9F323 /* Main.storyboard in Resources */ = {isa = PBXBuildFile; fileRef = EBAD5CF21EEF213B00F9F323 /* Main.storyboard */; };
		EBAD5CF71EEF213B00F9F323 /* Pokemon.xcdatamodeld in Sources */ = {isa = PBXBuildFile; fileRef = EBAD5CF51EEF213B00F9F323 /* Pokemon.xcdatamodeld */; };
		EBAD5CF91EEF213B00F9F323 /* Assets.xcassets in Resources */ = {isa = PBXBuildFile; fileRef = EBAD5CF81EEF213B00F9F323 /* Assets.xcassets */; };
		EBAD5CFC1EEF213B00F9F323 /* LaunchScreen.storyboard in Resources */ = {isa = PBXBuildFile; fileRef = EBAD5CFA1EEF213B00F9F323 /* LaunchScreen.storyboard */; };
/* End PBXBuildFile section */

/* Begin PBXFileReference section */
		EBAD5CEB1EEF213B00F9F323 /* Pokemon.app */ = {isa = PBXFileReference; explicitFileType = wrapper.application; includeInIndex = 0; path = Pokemon.app; sourceTree = BUILT_PRODUCTS_DIR; };
		EBAD5CEE1EEF213B00F9F323 /* AppDelegate.swift */ = {isa = PBXFileReference; lastKnownFileType = sourcecode.swift; path = AppDelegate.swift; sourceTree = "<group>"; };
		EBAD5CF01EEF213B00F9F323 /* ViewController.swift */ = {isa = PBXFileReference; lastKnownFileType = sourcecode.swift; path = ViewController.swift; sourceTree = "<group>"; };
		EBAD5CF31EEF213B00F9F323 /* Base */ = {isa = PBXFileReference; lastKnownFileType = file.storyboard; name = Base; path = Base.lproj/Main.storyboard; sourceTree = "<group>"; };
		EBAD5CF61EEF213B00F9F323 /* Pokemon.xcdatamodel */ = {isa = PBXFileReference; lastKnownFileType = wrapper.xcdatamodel; path = Pokemon.xcdatamodel; sourceTree = "<group>"; };
		EBAD5CF81EEF213B00F9F323 /* Assets.xcassets */ = {isa = PBXFileReference; lastKnownFileType = folder.assetcatalog; path = Assets.xcassets; sourceTree = "<group>"; };
		EBAD5CFB1EEF213B00F9F323 /* Base */ = {isa = PBXFileReference; lastKnownFileType = file.storyboard; name = Base; path = Base.lproj/LaunchScreen.storyboard; sourceTree = "<group>"; };
		EBAD5CFD1EEF213B00F9F323 /* Info.plist */ = {isa = PBXFileReference; lastKnownFileType = text.plist.xml; path = Info.plist; sourceTree = "<group>"; };
/* End PBXFileReference section */

/* Begin PBXFrameworksBuildPhase section */
		EBAD5CE81EEF213B00F9F323 /* Frameworks */ = {
			isa = PBXFrameworksBuildPhase;
			buildActionMask = 2147483647;
			files = (
			);
			runOnlyForDeploymentPostprocessing = 0;
		};
/* End PBXFrameworksBuildPhase section */

/* Begin PBXGroup section */
		EBAD5CE21EEF213B00F9F323 = {
			isa = PBXGroup;
			children = (
				EBAD5CED1EEF213B00F9F323 /* Pokemon */,
				EBAD5CEC1EEF213B00F9F323 /* Products */,
			);
			sourceTree = "<group>";
		};
		EBAD5CEC1EEF213B00F9F323 /* Products */ = {
			isa = PBXGroup;
			children = (
				EBAD5CEB1EEF213B00F9F323 /* Pokemon.app */,
			);
			name = Products;
			sourceTree = "<group>";
		};
		EBAD5CED1EEF213B00F9F323 /* Pokemon */ = {
			isa = PBXGroup;
			children = (
				EBAD5CEE1EEF213B00F9F323 /* AppDelegate.swift */,
				EBAD5CF01EEF213B00F9F323 /* ViewController.swift */,
				EBAD5CF21EEF213B00F9F323 /* Main.storyboard */,
				EBAD5CF81EEF213B00F9F323 /* Assets.xcassets */,
				EBAD5CFA1EEF213B00F9F323 /* LaunchScreen.storyboard */,
				EBAD5CFD1EEF213B00F9F323 /* Info.plist */,
				EBAD5CF51EEF213B00F9F323 /* Pokemon.xcdatamodeld */,
			);
			path = Pokemon;
			sourceTree = "<group>";
		};
/* End PBXGroup section */

/* Begin PBXNativeTarget section */
		EBAD5CEA1EEF213B00F9F323 /* Pokemon */ = {
			isa = PBXNativeTarget;
			buildConfigurationList = EBAD5D001EEF213B00F9F323 /* Build configuration list for PBXNativeTarget "Pokemon" */;
			buildPhases = (
				EBAD5CE71EEF213B00F9F323 /* Sources */,
				EBAD5CE81EEF213B00F9F323 /* Frameworks */,
				EBAD5CE91EEF213B00F9F323 /* Resources */,
			);
			buildRules = (
			);
			dependencies = (
			);
			name = Pokemon;
			productName = Pokemon;
			productReference = EBAD5CEB1EEF213B00F9F323 /* Pokemon.app */;
			productType = "com.apple.product-type.application";
		};
/* End PBXNativeTarget section */

/* Begin PBXProject section */
		EBAD5CE31EEF213B00F9F323 /* Project object */ = {
			isa = PBXProject;
			attributes = {
				LastSwiftUpdateCheck = 0830;
				LastUpgradeCheck = 0830;
				ORGANIZATIONNAME = "the Luckiest";
				TargetAttributes = {
					EBAD5CEA1EEF213B00F9F323 = {
						CreatedOnToolsVersion = 8.3.3;
						DevelopmentTeam = Z59CRYWHG5;
						ProvisioningStyle = Automatic;
					};
				};
			};
			buildConfigurationList = EBAD5CE61EEF213B00F9F323 /* Build configuration list for PBXProject "Pokemon" */;
			compatibilityVersion = "Xcode 3.2";
			developmentRegion = English;
			hasScannedForEncodings = 0;
			knownRegions = (
				en,
				Base,
			);
			mainGroup = EBAD5CE21EEF213B00F9F323;
			productRefGroup = EBAD5CEC1EEF213B00F9F323 /* Products */;
			projectDirPath = "";
			projectRoot = "";
			targets = (
				EBAD5CEA1EEF213B00F9F323 /* Pokemon */,
			);
		};
/* End PBXProject section */

/* Begin PBXResourcesBuildPhase section */
		EBAD5CE91EEF213B00F9F323 /* Resources */ = {
			isa = PBXResourcesBuildPhase;
			buildActionMask = 2147483647;
			files = (
				EBAD5CFC1EEF213B00F9F323 /* LaunchScreen.storyboard in Resources */,
				EBAD5CF91EEF213B00F9F323 /* Assets.xcassets in Resources */,
				EBAD5CF41EEF213B00F9F323 /* Main.storyboard in Resources */,
			);
			runOnlyForDeploymentPostprocessing = 0;
		};
/* End PBXResourcesBuildPhase section */

/* Begin PBXSourcesBuildPhase section */
		EBAD5CE71EEF213B00F9F323 /* Sources */ = {
			isa = PBXSourcesBuildPhase;
			buildActionMask = 2147483647;
			files = (
				EBAD5CF11EEF213B00F9F323 /* ViewController.swift in Sources */,
				EBAD5CEF1EEF213B00F9F323 /* AppDelegate.swift in Sources */,
				EBAD5CF71EEF213B00F9F323 /* Pokemon.xcdatamodeld in Sources */,
			);
			runOnlyForDeploymentPostprocessing = 0;
		};
/* End PBXSourcesBuildPhase section */

/* Begin PBXVariantGroup section */
		EBAD5CF21EEF213B00F9F323 /* Main.storyboard */ = {
			isa = PBXVariantGroup;
			children = (
				EBAD5CF31EEF213B00F9F323 /* Base */,
			);
			name = Main.storyboard;
			sourceTree = "<group>";
		};
		EBAD5CFA1EEF213B00F9F323 /* LaunchScreen.storyboard */ = {
			isa = PBXVariantGroup;
			children = (
				EBAD5CFB1EEF213B00F9F323 /* Base */,
			);
			name = LaunchScreen.storyboard;
			sourceTree = "<group>";
		};
/* End PBXVariantGroup section */

/* Begin XCBuildConfiguration section */
		EBAD5CFE1EEF213B00F9F323 /* Debug */ = {
			isa = XCBuildConfiguration;
			buildSettings = {
				ALWAYS_SEARCH_USER_PATHS = NO;
				CLANG_ANALYZER_NONNULL = YES;
				CLANG_ANALYZER_NUMBER_OBJECT_CONVERSION = YES_AGGRESSIVE;
				CLANG_CXX_LANGUAGE_STANDARD = "gnu++0x";
				CLANG_CXX_LIBRARY = "libc++";
				CLANG_ENABLE_MODULES = YES;
				CLANG_ENABLE_OBJC_ARC = YES;
				CLANG_WARN_BOOL_CONVERSION = YES;
				CLANG_WARN_CONSTANT_CONVERSION = YES;
				CLANG_WARN_DIRECT_OBJC_ISA_USAGE = YES_ERROR;
				CLANG_WARN_DOCUMENTATION_COMMENTS = YES;
				CLANG_WARN_EMPTY_BODY = YES;
				CLANG_WARN_ENUM_CONVERSION = YES;
				CLANG_WARN_INFINITE_RECURSION = YES;
				CLANG_WARN_INT_CONVERSION = YES;
				CLANG_WARN_OBJC_ROOT_CLASS = YES_ERROR;
				CLANG_WARN_SUSPICIOUS_MOVE = YES;
				CLANG_WARN_UNREACHABLE_CODE = YES;
				CLANG_WARN__DUPLICATE_METHOD_MATCH = YES;
				"CODE_SIGN_IDENTITY[sdk=iphoneos*]" = "iPhone Developer";
				COPY_PHASE_STRIP = NO;
				DEBUG_INFORMATION_FORMAT = dwarf;
				ENABLE_STRICT_OBJC_MSGSEND = YES;
				ENABLE_TESTABILITY = YES;
				GCC_C_LANGUAGE_STANDARD = gnu99;
				GCC_DYNAMIC_NO_PIC = NO;
				GCC_NO_COMMON_BLOCKS = YES;
				GCC_OPTIMIZATION_LEVEL = 0;
				GCC_PREPROCESSOR_DEFINITIONS = (
					"DEBUG=1",
					"$(inherited)",
				);
				GCC_WARN_64_TO_32_BIT_CONVERSION = YES;
				GCC_WARN_ABOUT_RETURN_TYPE = YES_ERROR;
				GCC_WARN_UNDECLARED_SELECTOR = YES;
				GCC_WARN_UNINITIALIZED_AUTOS = YES_AGGRESSIVE;
				GCC_WARN_UNUSED_FUNCTION = YES;
				GCC_WARN_UNUSED_VARIABLE = YES;
				IPHONEOS_DEPLOYMENT_TARGET = 10.3;
				MTL_ENABLE_DEBUG_INFO = YES;
				ONLY_ACTIVE_ARCH = YES;
				SDKROOT = iphoneos;
				SWIFT_ACTIVE_COMPILATION_CONDITIONS = DEBUG;
				SWIFT_OPTIMIZATION_LEVEL = "-Onone";
				TARGETED_DEVICE_FAMILY = "1,2";
			};
			name = Debug;
		};
		EBAD5CFF1EEF213B00F9F323 /* Release */ = {
			isa = XCBuildConfiguration;
			buildSettings = {
				ALWAYS_SEARCH_USER_PATHS = NO;
				CLANG_ANALYZER_NONNULL = YES;
				CLANG_ANALYZER_NUMBER_OBJECT_CONVERSION = YES_AGGRESSIVE;
				CLANG_CXX_LANGUAGE_STANDARD = "gnu++0x";
				CLANG_CXX_LIBRARY = "libc++";
				CLANG_ENABLE_MODULES = YES;
				CLANG_ENABLE_OBJC_ARC = YES;
				CLANG_WARN_BOOL_CONVERSION = YES;
				CLANG_WARN_CONSTANT_CONVERSION = YES;
				CLANG_WARN_DIRECT_OBJC_ISA_USAGE = YES_ERROR;
				CLANG_WARN_DOCUMENTATION_COMMENTS = YES;
				CLANG_WARN_EMPTY_BODY = YES;
				CLANG_WARN_ENUM_CONVERSION = YES;
				CLANG_WARN_INFINITE_RECURSION = YES;
				CLANG_WARN_INT_CONVERSION = YES;
				CLANG_WARN_OBJC_ROOT_CLASS = YES_ERROR;
				CLANG_WARN_SUSPICIOUS_MOVE = YES;
				CLANG_WARN_UNREACHABLE_CODE = YES;
				CLANG_WARN__DUPLICATE_METHOD_MATCH = YES;
				"CODE_SIGN_IDENTITY[sdk=iphoneos*]" = "iPhone Developer";
				COPY_PHASE_STRIP = NO;
				DEBUG_INFORMATION_FORMAT = "dwarf-with-dsym";
				ENABLE_NS_ASSERTIONS = NO;
				ENABLE_STRICT_OBJC_MSGSEND = YES;
				GCC_C_LANGUAGE_STANDARD = gnu99;
				GCC_NO_COMMON_BLOCKS = YES;
				GCC_WARN_64_TO_32_BIT_CONVERSION = YES;
				GCC_WARN_ABOUT_RETURN_TYPE = YES_ERROR;
				GCC_WARN_UNDECLARED_SELECTOR = YES;
				GCC_WARN_UNINITIALIZED_AUTOS = YES_AGGRESSIVE;
				GCC_WARN_UNUSED_FUNCTION = YES;
				GCC_WARN_UNUSED_VARIABLE = YES;
				IPHONEOS_DEPLOYMENT_TARGET = 10.3;
				MTL_ENABLE_DEBUG_INFO = NO;
				SDKROOT = iphoneos;
				SWIFT_OPTIMIZATION_LEVEL = "-Owholemodule";
				TARGETED_DEVICE_FAMILY = "1,2";
				VALIDATE_PRODUCT = YES;
			};
			name = Release;
		};
		EBAD5D011EEF213B00F9F323 /* Debug */ = {
			isa = XCBuildConfiguration;
			buildSettings = {
				ASSETCATALOG_COMPILER_APPICON_NAME = AppIcon;
				DEVELOPMENT_TEAM = Z59CRYWHG5;
				INFOPLIST_FILE = Pokemon/Info.plist;
				LD_RUNPATH_SEARCH_PATHS = "$(inherited) @executable_path/Frameworks";
				PRODUCT_BUNDLE_IDENTIFIER = com.master.Pokemon;
				PRODUCT_NAME = "$(TARGET_NAME)";
				SWIFT_VERSION = 3.0;
			};
			name = Debug;
		};
		EBAD5D021EEF213B00F9F323 /* Release */ = {
			isa = XCBuildConfiguration;
			buildSettings = {
				ASSETCATALOG_COMPILER_APPICON_NAME = AppIcon;
				DEVELOPMENT_TEAM = Z59CRYWHG5;
				INFOPLIST_FILE = Pokemon/Info.plist;
				LD_RUNPATH_SEARCH_PATHS = "$(inherited) @executable_path/Frameworks";
				PRODUCT_BUNDLE_IDENTIFIER = com.master.Pokemon;
				PRODUCT_NAME = "$(TARGET_NAME)";
				SWIFT_VERSION = 3.0;
			};
			name = Release;
		};
/* End XCBuildConfiguration section */

/* Begin XCConfigurationList section */
		EBAD5CE61EEF213B00F9F323 /* Build configuration list for PBXProject "Pokemon" */ = {
			isa = XCConfigurationList;
			buildConfigurations = (
				EBAD5CFE1EEF213B00F9F323 /* Debug */,
				EBAD5CFF1EEF213B00F9F323 /* Release */,
			);
			defaultConfigurationIsVisible = 0;
			defaultConfigurationName = Release;
		};
		EBAD5D001EEF213B00F9F323 /* Build configuration list for PBXNativeTarget "Pokemon" */ = {
			isa = XCConfigurationList;
			buildConfigurations = (
				EBAD5D011EEF213B00F9F323 /* Debug */,
				EBAD5D021EEF213B00F9F323 /* Release */,
			);
			defaultConfigurationIsVisible = 0;
		};
/* End XCConfigurationList section */

/* Begin XCVersionGroup section */
		EBAD5CF51EEF213B00F9F323 /* Pokemon.xcdatamodeld */ = {
			isa = XCVersionGroup;
			children = (
				EBAD5CF61EEF213B00F9F323 /* Pokemon.xcdatamodel */,
			);
			currentVersion = EBAD5CF61EEF213B00F9F323 /* Pokemon.xcdatamodel */;
			path = Pokemon.xcdatamodeld;
			sourceTree = "<group>";
			versionGroupType = wrapper.xcdatamodel;
		};
/* End XCVersionGroup section */
	};
	rootObject = EBAD5CE31EEF213B00F9F323 /* Project object */;
}
